
Microsoft Visual Studio Solution File, Format Version 12.00
# Visual Studio Version 16
VisualStudioVersion = 16.0.29009.5
MinimumVisualStudioVersion = 10.0.40219.1
Project("{9A19103F-16F7-4668-BE54-9A1E7A4F7556}") = "OrleansWeb.Silo", "src\OrleansWeb.Silo\OrleansWeb.Silo.csproj", "{9C9ED51D-C7C2-4C5B-923C-3F3C8EB85379}"
EndProject
Project("{2150E333-8FDC-42A3-9474-1A3956D46DE8}") = "Solution Items", "Solution Items", "{B17AB63D-719F-4A95-BE8F-88948A1BE13B}"
	ProjectSection(SolutionItems) = preProject
		.dockerignore = .dockerignore
		.editorconfig = .editorconfig
		.gitignore = .gitignore
		BuildLibraries.ps1 = BuildLibraries.ps1
		Directory.Build.props = Directory.Build.props
		global.json = global.json
		NuGet.Config = NuGet.Config
		version.json = version.json
	EndProjectSection
EndProject
Project("{2150E333-8FDC-42A3-9474-1A3956D46DE8}") = "KeyValue", "KeyValue", "{A33B7284-DC86-456E-B2D7-C7AFCB57CAFA}"
EndProject
Project("{9A19103F-16F7-4668-BE54-9A1E7A4F7556}") = "vivego.KeyValue.Abstractions", "src\vivego.KeyValue.Abstractions\vivego.KeyValue.Abstractions.csproj", "{5E89E345-DF61-4C56-AF81-B9F8A0E78C3C}"
EndProject
Project("{9A19103F-16F7-4668-BE54-9A1E7A4F7556}") = "vivego.KeyValue.File", "src\vivego.KeyValue.File\vivego.KeyValue.File.csproj", "{2C873AD8-56F0-4BCE-A08B-6F2C20AB85B6}"
EndProject
Project("{9A19103F-16F7-4668-BE54-9A1E7A4F7556}") = "vivego.KeyValue.Cached", "src\vivego.KeyValue.Cached\vivego.KeyValue.Cached.csproj", "{C2F75EDE-F7F7-4AB2-8678-1E4BC8C88765}"
EndProject
Project("{9A19103F-16F7-4668-BE54-9A1E7A4F7556}") = "vivego.KeyValue.Faster", "src\vivego.KeyValue.Faster\vivego.KeyValue.Faster.csproj", "{F6C441C6-0CCB-4383-A068-8984B49192DA}"
EndProject
Project("{9A19103F-16F7-4668-BE54-9A1E7A4F7556}") = "vivego.KeyValue.Cassandra", "src\vivego.KeyValue.Cassandra\vivego.KeyValue.Cassandra.csproj", "{EACA94AE-5176-4646-BB7A-C0D5182479EA}"
EndProject
Project("{9A19103F-16F7-4668-BE54-9A1E7A4F7556}") = "vivego.KeyValue.Tests", "src\vivego.KeyValue.Tests\vivego.KeyValue.Tests.csproj", "{D02FC852-6018-481D-A362-C240DC04DF11}"
EndProject
Project("{9A19103F-16F7-4668-BE54-9A1E7A4F7556}") = "vivego.KeyValue.Grpc", "src\vivego.KeyValue.Grpc\vivego.KeyValue.Grpc.csproj", "{AE1838DC-1076-4C6F-B4C7-6AE3E6331607}"
EndProject
Project("{9A19103F-16F7-4668-BE54-9A1E7A4F7556}") = "vivego.core", "src\vivego.core\vivego.core.csproj", "{24F7E42B-21C6-4FA8-8146-FCFD0F4ACF6A}"
EndProject
Project("{2150E333-8FDC-42A3-9474-1A3956D46DE8}") = "Logging", "Logging", "{3105D855-1683-4AC6-A753-DB0E708509CB}"
EndProject
Project("{9A19103F-16F7-4668-BE54-9A1E7A4F7556}") = "vivego.KeyValue.InMemory", "src\vivego.KeyValue.InMemory\vivego.KeyValue.InMemory.csproj", "{999B96C6-9306-40C1-9318-63DE9FB9F170}"
EndProject
Project("{9A19103F-16F7-4668-BE54-9A1E7A4F7556}") = "vivego.logger.core", "src\vivego.logger.core\vivego.logger.core.csproj", "{13C93EAF-D44B-4C2B-9974-4CEB9B702FCC}"
EndProject
Project("{9A19103F-16F7-4668-BE54-9A1E7A4F7556}") = "vivego.logger.HttpClient", "src\vivego.logger.HttpClient\vivego.logger.HttpClient.csproj", "{B9B58886-6451-4E3C-A9AC-2F42B5B54C34}"
EndProject
Project("{9A19103F-16F7-4668-BE54-9A1E7A4F7556}") = "vivego.logger.web", "src\vivego.logger.web\vivego.logger.web.csproj", "{ADEFB5BC-9EB5-4F98-A012-E4416D00DB4F}"
EndProject
Project("{9A19103F-16F7-4668-BE54-9A1E7A4F7556}") = "vivego.logger.grpc", "src\vivego.logger.grpc\vivego.logger.grpc.csproj", "{407049E2-5677-4CD9-AED3-090EDC826F24}"
EndProject
Project("{9A19103F-16F7-4668-BE54-9A1E7A4F7556}") = "vivego.KeyValue.S3", "src\vivego.KeyValue.S3\vivego.KeyValue.S3.csproj", "{CEA49004-3BEF-4E02-94A2-124EAB97F413}"
EndProject
Project("{9A19103F-16F7-4668-BE54-9A1E7A4F7556}") = "vivego.KeyValue.Sql", "src\vivego.KeyValue.Sql\vivego.KeyValue.Sql.csproj", "{DF018372-BC33-45DB-8377-CBF926A083D7}"
EndProject
Project("{9A19103F-16F7-4668-BE54-9A1E7A4F7556}") = "vivego.Orleans.KeyValueProvider", "src\vivego.Orleans.KeyValueProvider\vivego.Orleans.KeyValueProvider.csproj", "{F9D22BFE-B4D9-426C-B96B-7BAE710405A5}"
EndProject
Project("{2150E333-8FDC-42A3-9474-1A3956D46DE8}") = "Orleans", "Orleans", "{922FAE5E-BC9E-441C-8F99-0A26B422D240}"
EndProject
Project("{9A19103F-16F7-4668-BE54-9A1E7A4F7556}") = "vivego.Orleans.KeyValueProvider.Tests", "src\vivego.Orleans.KeyValueProvider.Tests\vivego.Orleans.KeyValueProvider.Tests.csproj", "{6196ECFB-4F2B-485C-BEEB-CEAEB3BDCA53}"
EndProject
Project("{9A19103F-16F7-4668-BE54-9A1E7A4F7556}") = "vivego.KeyValue.Isolated", "src\vivego.KeyValue.Isolated\vivego.KeyValue.Isolated.csproj", "{8F7ECA1C-DA33-4F65-BD26-8A45A71DB15A}"
EndProject
Project("{2150E333-8FDC-42A3-9474-1A3956D46DE8}") = "Scheduler", "Scheduler", "{E98917DA-54FE-49C9-A54F-701F57E26B4B}"
EndProject
Project("{9A19103F-16F7-4668-BE54-9A1E7A4F7556}") = "vivego.Scheduler", "src\vivego.Scheduler\vivego.Scheduler.csproj", "{B1880B2C-8A20-4C90-89F8-48CFD10A8A7F}"
EndProject
Project("{9A19103F-16F7-4668-BE54-9A1E7A4F7556}") = "vivego.KeyValue.TimeToLive", "src\vivego.KeyValue.TimeToLive\vivego.KeyValue.TimeToLive.csproj", "{9A69E2AC-CA15-49C5-9AE3-3AEA3AA0FB5A}"
EndProject
Project("{9A19103F-16F7-4668-BE54-9A1E7A4F7556}") = "vivego.Scheduler.Abstractions", "src\vivego.Scheduler.Abstractions\vivego.Scheduler.Abstractions.csproj", "{289B79E5-073C-4A1A-84AF-AF43CDFF629E}"
EndProject
Project("{9A19103F-16F7-4668-BE54-9A1E7A4F7556}") = "vivego.core.Tests", "src\vivego.core.Tests\vivego.core.Tests.csproj", "{7630DA8C-3378-4F6A-9261-A6173AB8455F}"
EndProject
Project("{9A19103F-16F7-4668-BE54-9A1E7A4F7556}") = "vivego.KeyValue.Retrying", "src\vivego.KeyValue.Retrying\vivego.KeyValue.Retrying.csproj", "{7510628F-FA24-4C04-B466-30FC43F1ABAF}"
EndProject
Project("{2150E333-8FDC-42A3-9474-1A3956D46DE8}") = "Serializer", "Serializer", "{3545E5F4-F345-4B2D-8EA9-8C302F884908}"
EndProject
Project("{9A19103F-16F7-4668-BE54-9A1E7A4F7556}") = "vivego.Serializer.Abstractions", "src\vivego.Serializer.Abstractions\vivego.Serializer.Abstractions.csproj", "{975F6A8A-1CF3-4D63-9C96-CDF6A2F5CC82}"
EndProject
Project("{9A19103F-16F7-4668-BE54-9A1E7A4F7556}") = "vivego.Serializer.SystemJsonSerializer", "src\vivego.Serializer.SystemJsonSerializer\vivego.Serializer.SystemJsonSerializer.csproj", "{6481602A-D605-4F0F-95C0-8DA6FFE2C202}"
EndProject
Project("{9A19103F-16F7-4668-BE54-9A1E7A4F7556}") = "vivego.Serializer.Tests", "src\vivego.Serializer.Tests\vivego.Serializer.Tests.csproj", "{79267A6F-8C1E-464F-AADE-FD2D1C18E7D6}"
EndProject
Project("{9A19103F-16F7-4668-BE54-9A1E7A4F7556}") = "vivego.Scheduler.Tests", "src\vivego.Scheduler.Tests\vivego.Scheduler.Tests.csproj", "{C8A56333-FBE3-4E19-A789-88AABB91C376}"
EndProject
Project("{9A19103F-16F7-4668-BE54-9A1E7A4F7556}") = "vivego.Serializer.NewtonJsonSerializer", "src\vivego.Serializer.NewtonJsonSerializer\vivego.Serializer.NewtonJsonSerializer.csproj", "{DE83C88E-7619-41B3-A3E9-F0A8F330A759}"
EndProject
Project("{2150E333-8FDC-42A3-9474-1A3956D46DE8}") = "Microsoft.Faster", "Microsoft.Faster", "{FB47C5B0-D33C-4235-95EB-31E47051DCB6}"
EndProject
Project("{9A19103F-16F7-4668-BE54-9A1E7A4F7556}") = "vivego.Microsoft.Faster", "src\vivego.Microsoft.Faster\vivego.Microsoft.Faster.csproj", "{3D4949E3-0BE7-4A25-916A-A323017FCABE}"
EndProject
Project("{9A19103F-16F7-4668-BE54-9A1E7A4F7556}") = "vivego.Scheduler.Orleans", "src\vivego.Scheduler.Orleans\vivego.Scheduler.Orleans.csproj", "{55719210-3A14-4AC4-817A-7536DC93B815}"
EndProject
Project("{9A19103F-16F7-4668-BE54-9A1E7A4F7556}") = "vivego.KeyValue.Http", "src\vivego.KeyValue.Http\vivego.KeyValue.Http.csproj", "{87205687-D301-4E49-A29D-31C6A6C8689F}"
EndProject
Project("{2150E333-8FDC-42A3-9474-1A3956D46DE8}") = "ServiceInvocation", "ServiceInvocation", "{DA1F4950-A2F9-44BC-B9AC-FCEA4C4A6FEB}"
EndProject
Project("{9A19103F-16F7-4668-BE54-9A1E7A4F7556}") = "vivego.ServiceInvocation.Abstractions", "src\vivego.ServiceInvocation.Abstractions\vivego.ServiceInvocation.Abstractions.csproj", "{FC9CB3D7-45EC-4817-9EF9-7FF25D4185D2}"
EndProject
Project("{9A19103F-16F7-4668-BE54-9A1E7A4F7556}") = "vivego.KeyValue", "src\vivego.KeyValue\vivego.KeyValue.csproj", "{D38EBAE1-7E48-46B9-8D93-E9DF84B966A0}"
EndProject
Project("{9A19103F-16F7-4668-BE54-9A1E7A4F7556}") = "vivego.Serializer", "src\vivego.Serializer\vivego.Serializer.csproj", "{EB80CFB1-60AE-4BA5-8E6F-79644CF426FB}"
EndProject
Project("{9A19103F-16F7-4668-BE54-9A1E7A4F7556}") = "vivego.ServiceBuilder", "src\vivego.core.ServiceBuilder\vivego.ServiceBuilder.csproj", "{34545879-668D-493E-8B9A-820D59D3D4B2}"
EndProject
Project("{2150E333-8FDC-42A3-9474-1A3956D46DE8}") = "ServiceBuilder", "ServiceBuilder", "{6D98EF35-9C95-4DD5-AEE3-C218A9922C85}"
EndProject
Project("{9A19103F-16F7-4668-BE54-9A1E7A4F7556}") = "vivego.ServiceBuilder.Abstractions", "src\vivego.ServiceBuilder.Abstractions\vivego.ServiceBuilder.Abstractions.csproj", "{D5F3F942-A8E4-401E-8EAF-6F2064B603E5}"
EndProject
Project("{2150E333-8FDC-42A3-9474-1A3956D46DE8}") = "Collections", "Collections", "{89539C51-13AC-4C0A-BC1F-F841CF62C19E}"
EndProject
Project("{FAE04EC0-301F-11D3-BF4B-00C04F79EFBC}") = "vivego.Collection.Abstraction", "src\vivego.Collection.Abstraction\vivego.Collection.Abstraction.csproj", "{0F0606BF-53CB-4AEB-9F0E-222FA8F43B59}"
EndProject
Project("{FAE04EC0-301F-11D3-BF4B-00C04F79EFBC}") = "vivego.Collection", "src\vivego.Collection\vivego.Collection.csproj", "{BECB6031-9920-4BE0-B128-6E0D254AA74D}"
EndProject
Project("{FAE04EC0-301F-11D3-BF4B-00C04F79EFBC}") = "vivego.Collection.Orleans", "src\vivego.Collection.Orleans\vivego.Collection.Orleans.csproj", "{3B53FEB7-096D-4474-9FA5-8F399FDD2A8D}"
EndProject
Project("{FAE04EC0-301F-11D3-BF4B-00C04F79EFBC}") = "vivego.Collection.Tests", "src\vivego.Collection.Tests\vivego.Collection.Tests.csproj", "{6BE686A0-59E6-45F5-8A53-27A519956777}"
EndProject
Project("{2150E333-8FDC-42A3-9474-1A3956D46DE8}") = "MediatR", "MediatR", "{750C4850-7250-43AD-87DA-2CBF87DE7CBF}"
EndProject
Project("{FAE04EC0-301F-11D3-BF4B-00C04F79EFBC}") = "vivego.MediatR", "src\vivego.MediatR\vivego.MediatR.csproj", "{6B8B897A-E502-48BA-9E9B-A0145002F787}"
EndProject
Project("{FAE04EC0-301F-11D3-BF4B-00C04F79EFBC}") = "vivego.KeyValue.Redis", "src\vivego.KeyValue.Redis\vivego.KeyValue.Redis.csproj", "{AB4E0EE3-AC6C-45E8-B67F-6F408C3B7093}"
EndProject
Project("{FAE04EC0-301F-11D3-BF4B-00C04F79EFBC}") = "vivego.ServiceInvocation", "src\vivego.ServiceInvocation\vivego.ServiceInvocation.csproj", "{66A5B1D9-1971-4786-8D9F-58387C05BDA1}"
EndProject
Project("{FAE04EC0-301F-11D3-BF4B-00C04F79EFBC}") = "vivego.Orleans", "src\vivego.Orleans\vivego.Orleans.csproj", "{7F8472C1-C253-48BA-BE24-D9210D1C5DB0}"
EndProject
Project("{FAE04EC0-301F-11D3-BF4B-00C04F79EFBC}") = "vivego.Microsoft.Faster.Tests", "src\vivego.Microsoft.Faster.Tests\vivego.Microsoft.Faster.Tests.csproj", "{7C924316-A4AB-47DC-A348-FD3C8ABDDA07}"
EndProject
Project("{FAE04EC0-301F-11D3-BF4B-00C04F79EFBC}") = "vivego.Orleans.Playground", "src\vivego.Orleans.Playground\vivego.Orleans.Playground.csproj", "{1FECEC3F-6A26-493B-9578-98F36A90D24B}"
EndProject
Project("{FAE04EC0-301F-11D3-BF4B-00C04F79EFBC}") = "vivego.ServiceInvocation.Tests", "src\vivego.ServiceInvocation.Tests\vivego.ServiceInvocation.Tests.csproj", "{21AEF1AB-8EA3-40FA-B4E5-83AA7AA941BD}"
EndProject
Project("{FAE04EC0-301F-11D3-BF4B-00C04F79EFBC}") = "vivego.KeyValue.DynamoDb", "src\vivego.KeyValue.DynamoDb\vivego.KeyValue.DynamoDb.csproj", "{D22E5627-8511-48B3-92C7-C596D15FB7CE}"
EndProject
Project("{FAE04EC0-301F-11D3-BF4B-00C04F79EFBC}") = "vivego.KeyValue.QueuedWrite", "src\vivego.KeyValue.QueuedWrite\vivego.KeyValue.QueuedWrite.csproj", "{18CFB949-B9E6-444A-9C9C-9B129D3BE89F}"
EndProject
Project("{FAE04EC0-301F-11D3-BF4B-00C04F79EFBC}") = "vivego.MessageBroker.Host", "src\vivego.MessageBroker.Host\vivego.MessageBroker.Host.csproj", "{91AD9D82-B8DF-4DFC-9F6E-8BB65757A8B4}"
EndProject
Project("{FAE04EC0-301F-11D3-BF4B-00C04F79EFBC}") = "vivego.MessageBroker", "src\vivego.MessageBroker\vivego.MessageBroker.csproj", "{2A90DF04-5223-460B-AF63-C545C0BAFA0A}"
EndProject
Project("{FAE04EC0-301F-11D3-BF4B-00C04F79EFBC}") = "vivego.KeyValue.ProtoActorPersistence", "src\vivego.KeyValue.ProtoActorPersistence\vivego.KeyValue.ProtoActorPersistence.csproj", "{3E8E12DC-4296-479F-A62A-D182C7939A8F}"
EndProject
Project("{FAE04EC0-301F-11D3-BF4B-00C04F79EFBC}") = "vivego.MessageBroker.Host.Tests", "src\vivego.MessageBroker.Host.Tests\vivego.MessageBroker.Host.Tests.csproj", "{0D5E7675-8955-48B4-A577-CD69AD56AA59}"
EndProject
Project("{FAE04EC0-301F-11D3-BF4B-00C04F79EFBC}") = "vivego.MessageBroker.Tests", "src\vivego.MessageBroker.Tests\vivego.MessageBroker.Tests.csproj", "{DF7799FD-BA63-4248-8698-10879A99A720}"
EndProject
Project("{FAE04EC0-301F-11D3-BF4B-00C04F79EFBC}") = "vivego.MessageBroker.Client", "src\vivego.MessageBroker.Client\vivego.MessageBroker.Client.csproj", "{38B49955-392D-43C9-B399-380699554DA3}"
EndProject
Project("{2150E333-8FDC-42A3-9474-1A3956D46DE8}") = "MessageBroker", "MessageBroker", "{CF5279AF-BB5D-44FE-9BA5-723F962AA6A4}"
EndProject
Project("{FAE04EC0-301F-11D3-BF4B-00C04F79EFBC}") = "vivego.MessageBroker.Abstractions", "src\vivego.MessageBroker.Abstractions\vivego.MessageBroker.Abstractions.csproj", "{AC3E832C-84DB-4EB9-992F-1A57FCDC9750}"
EndProject
Project("{FAE04EC0-301F-11D3-BF4B-00C04F79EFBC}") = "vivego.MessageBroker.Client.Grpc", "src\vivego.MessageBroker.Client.Grpc\vivego.MessageBroker.Client.Grpc.csproj", "{7D5A675B-1143-4B4D-A025-8E3F6BC9F6B6}"
EndProject
Project("{FAE04EC0-301F-11D3-BF4B-00C04F79EFBC}") = "vivego.MessageBroker.Client.Http", "src\vivego.MessageBroker.Client.Http\vivego.MessageBroker.Client.Http.csproj", "{22266E64-93B2-4F98-B5AF-300D669A8DC8}"
EndProject
Project("{FAE04EC0-301F-11D3-BF4B-00C04F79EFBC}") = "vivego.KeyValue.AzureTableStorage", "src\vivego.KeyValue.AzureTableStorage\vivego.KeyValue.AzureTableStorage.csproj", "{A940A25E-3934-4BA0-B806-6834B705E32D}"
EndProject
Global
	GlobalSection(SolutionConfigurationPlatforms) = preSolution
		Debug|Any CPU = Debug|Any CPU
		Release|Any CPU = Release|Any CPU
	EndGlobalSection
	GlobalSection(ProjectConfigurationPlatforms) = postSolution
		{9C9ED51D-C7C2-4C5B-923C-3F3C8EB85379}.Debug|Any CPU.ActiveCfg = Debug|Any CPU
		{9C9ED51D-C7C2-4C5B-923C-3F3C8EB85379}.Debug|Any CPU.Build.0 = Debug|Any CPU
		{9C9ED51D-C7C2-4C5B-923C-3F3C8EB85379}.Release|Any CPU.ActiveCfg = Release|Any CPU
		{9C9ED51D-C7C2-4C5B-923C-3F3C8EB85379}.Release|Any CPU.Build.0 = Release|Any CPU
		{5E89E345-DF61-4C56-AF81-B9F8A0E78C3C}.Debug|Any CPU.ActiveCfg = Debug|Any CPU
		{5E89E345-DF61-4C56-AF81-B9F8A0E78C3C}.Debug|Any CPU.Build.0 = Debug|Any CPU
		{5E89E345-DF61-4C56-AF81-B9F8A0E78C3C}.Release|Any CPU.ActiveCfg = Release|Any CPU
		{5E89E345-DF61-4C56-AF81-B9F8A0E78C3C}.Release|Any CPU.Build.0 = Release|Any CPU
		{2C873AD8-56F0-4BCE-A08B-6F2C20AB85B6}.Debug|Any CPU.ActiveCfg = Debug|Any CPU
		{2C873AD8-56F0-4BCE-A08B-6F2C20AB85B6}.Debug|Any CPU.Build.0 = Debug|Any CPU
		{2C873AD8-56F0-4BCE-A08B-6F2C20AB85B6}.Release|Any CPU.ActiveCfg = Release|Any CPU
		{2C873AD8-56F0-4BCE-A08B-6F2C20AB85B6}.Release|Any CPU.Build.0 = Release|Any CPU
		{C2F75EDE-F7F7-4AB2-8678-1E4BC8C88765}.Debug|Any CPU.ActiveCfg = Debug|Any CPU
		{C2F75EDE-F7F7-4AB2-8678-1E4BC8C88765}.Debug|Any CPU.Build.0 = Debug|Any CPU
		{C2F75EDE-F7F7-4AB2-8678-1E4BC8C88765}.Release|Any CPU.ActiveCfg = Release|Any CPU
		{C2F75EDE-F7F7-4AB2-8678-1E4BC8C88765}.Release|Any CPU.Build.0 = Release|Any CPU
		{F6C441C6-0CCB-4383-A068-8984B49192DA}.Debug|Any CPU.ActiveCfg = Debug|Any CPU
		{F6C441C6-0CCB-4383-A068-8984B49192DA}.Debug|Any CPU.Build.0 = Debug|Any CPU
		{F6C441C6-0CCB-4383-A068-8984B49192DA}.Release|Any CPU.ActiveCfg = Release|Any CPU
		{F6C441C6-0CCB-4383-A068-8984B49192DA}.Release|Any CPU.Build.0 = Release|Any CPU
		{EACA94AE-5176-4646-BB7A-C0D5182479EA}.Debug|Any CPU.ActiveCfg = Debug|Any CPU
		{EACA94AE-5176-4646-BB7A-C0D5182479EA}.Debug|Any CPU.Build.0 = Debug|Any CPU
		{EACA94AE-5176-4646-BB7A-C0D5182479EA}.Release|Any CPU.ActiveCfg = Release|Any CPU
		{EACA94AE-5176-4646-BB7A-C0D5182479EA}.Release|Any CPU.Build.0 = Release|Any CPU
		{D02FC852-6018-481D-A362-C240DC04DF11}.Debug|Any CPU.ActiveCfg = Debug|Any CPU
		{D02FC852-6018-481D-A362-C240DC04DF11}.Debug|Any CPU.Build.0 = Debug|Any CPU
		{D02FC852-6018-481D-A362-C240DC04DF11}.Release|Any CPU.ActiveCfg = Release|Any CPU
		{D02FC852-6018-481D-A362-C240DC04DF11}.Release|Any CPU.Build.0 = Release|Any CPU
		{AE1838DC-1076-4C6F-B4C7-6AE3E6331607}.Debug|Any CPU.ActiveCfg = Debug|Any CPU
		{AE1838DC-1076-4C6F-B4C7-6AE3E6331607}.Debug|Any CPU.Build.0 = Debug|Any CPU
		{AE1838DC-1076-4C6F-B4C7-6AE3E6331607}.Release|Any CPU.ActiveCfg = Release|Any CPU
		{AE1838DC-1076-4C6F-B4C7-6AE3E6331607}.Release|Any CPU.Build.0 = Release|Any CPU
		{24F7E42B-21C6-4FA8-8146-FCFD0F4ACF6A}.Debug|Any CPU.ActiveCfg = Debug|Any CPU
		{24F7E42B-21C6-4FA8-8146-FCFD0F4ACF6A}.Debug|Any CPU.Build.0 = Debug|Any CPU
		{24F7E42B-21C6-4FA8-8146-FCFD0F4ACF6A}.Release|Any CPU.ActiveCfg = Release|Any CPU
		{24F7E42B-21C6-4FA8-8146-FCFD0F4ACF6A}.Release|Any CPU.Build.0 = Release|Any CPU
		{999B96C6-9306-40C1-9318-63DE9FB9F170}.Debug|Any CPU.ActiveCfg = Debug|Any CPU
		{999B96C6-9306-40C1-9318-63DE9FB9F170}.Debug|Any CPU.Build.0 = Debug|Any CPU
		{999B96C6-9306-40C1-9318-63DE9FB9F170}.Release|Any CPU.ActiveCfg = Release|Any CPU
		{999B96C6-9306-40C1-9318-63DE9FB9F170}.Release|Any CPU.Build.0 = Release|Any CPU
		{13C93EAF-D44B-4C2B-9974-4CEB9B702FCC}.Debug|Any CPU.ActiveCfg = Debug|Any CPU
		{13C93EAF-D44B-4C2B-9974-4CEB9B702FCC}.Debug|Any CPU.Build.0 = Debug|Any CPU
		{13C93EAF-D44B-4C2B-9974-4CEB9B702FCC}.Release|Any CPU.ActiveCfg = Release|Any CPU
		{13C93EAF-D44B-4C2B-9974-4CEB9B702FCC}.Release|Any CPU.Build.0 = Release|Any CPU
		{B9B58886-6451-4E3C-A9AC-2F42B5B54C34}.Debug|Any CPU.ActiveCfg = Debug|Any CPU
		{B9B58886-6451-4E3C-A9AC-2F42B5B54C34}.Debug|Any CPU.Build.0 = Debug|Any CPU
		{B9B58886-6451-4E3C-A9AC-2F42B5B54C34}.Release|Any CPU.ActiveCfg = Release|Any CPU
		{B9B58886-6451-4E3C-A9AC-2F42B5B54C34}.Release|Any CPU.Build.0 = Release|Any CPU
		{ADEFB5BC-9EB5-4F98-A012-E4416D00DB4F}.Debug|Any CPU.ActiveCfg = Debug|Any CPU
		{ADEFB5BC-9EB5-4F98-A012-E4416D00DB4F}.Debug|Any CPU.Build.0 = Debug|Any CPU
		{ADEFB5BC-9EB5-4F98-A012-E4416D00DB4F}.Release|Any CPU.ActiveCfg = Release|Any CPU
		{ADEFB5BC-9EB5-4F98-A012-E4416D00DB4F}.Release|Any CPU.Build.0 = Release|Any CPU
		{407049E2-5677-4CD9-AED3-090EDC826F24}.Debug|Any CPU.ActiveCfg = Debug|Any CPU
		{407049E2-5677-4CD9-AED3-090EDC826F24}.Debug|Any CPU.Build.0 = Debug|Any CPU
		{407049E2-5677-4CD9-AED3-090EDC826F24}.Release|Any CPU.ActiveCfg = Release|Any CPU
		{407049E2-5677-4CD9-AED3-090EDC826F24}.Release|Any CPU.Build.0 = Release|Any CPU
		{CEA49004-3BEF-4E02-94A2-124EAB97F413}.Debug|Any CPU.ActiveCfg = Debug|Any CPU
		{CEA49004-3BEF-4E02-94A2-124EAB97F413}.Debug|Any CPU.Build.0 = Debug|Any CPU
		{CEA49004-3BEF-4E02-94A2-124EAB97F413}.Release|Any CPU.ActiveCfg = Release|Any CPU
		{CEA49004-3BEF-4E02-94A2-124EAB97F413}.Release|Any CPU.Build.0 = Release|Any CPU
		{DF018372-BC33-45DB-8377-CBF926A083D7}.Debug|Any CPU.ActiveCfg = Debug|Any CPU
		{DF018372-BC33-45DB-8377-CBF926A083D7}.Debug|Any CPU.Build.0 = Debug|Any CPU
		{DF018372-BC33-45DB-8377-CBF926A083D7}.Release|Any CPU.ActiveCfg = Release|Any CPU
		{DF018372-BC33-45DB-8377-CBF926A083D7}.Release|Any CPU.Build.0 = Release|Any CPU
		{F9D22BFE-B4D9-426C-B96B-7BAE710405A5}.Debug|Any CPU.ActiveCfg = Debug|Any CPU
		{F9D22BFE-B4D9-426C-B96B-7BAE710405A5}.Debug|Any CPU.Build.0 = Debug|Any CPU
		{F9D22BFE-B4D9-426C-B96B-7BAE710405A5}.Release|Any CPU.ActiveCfg = Release|Any CPU
		{F9D22BFE-B4D9-426C-B96B-7BAE710405A5}.Release|Any CPU.Build.0 = Release|Any CPU
		{6196ECFB-4F2B-485C-BEEB-CEAEB3BDCA53}.Debug|Any CPU.ActiveCfg = Debug|Any CPU
		{6196ECFB-4F2B-485C-BEEB-CEAEB3BDCA53}.Debug|Any CPU.Build.0 = Debug|Any CPU
		{6196ECFB-4F2B-485C-BEEB-CEAEB3BDCA53}.Release|Any CPU.ActiveCfg = Release|Any CPU
		{6196ECFB-4F2B-485C-BEEB-CEAEB3BDCA53}.Release|Any CPU.Build.0 = Release|Any CPU
		{8F7ECA1C-DA33-4F65-BD26-8A45A71DB15A}.Debug|Any CPU.ActiveCfg = Debug|Any CPU
		{8F7ECA1C-DA33-4F65-BD26-8A45A71DB15A}.Debug|Any CPU.Build.0 = Debug|Any CPU
		{8F7ECA1C-DA33-4F65-BD26-8A45A71DB15A}.Release|Any CPU.ActiveCfg = Release|Any CPU
		{8F7ECA1C-DA33-4F65-BD26-8A45A71DB15A}.Release|Any CPU.Build.0 = Release|Any CPU
		{B1880B2C-8A20-4C90-89F8-48CFD10A8A7F}.Debug|Any CPU.ActiveCfg = Debug|Any CPU
		{B1880B2C-8A20-4C90-89F8-48CFD10A8A7F}.Debug|Any CPU.Build.0 = Debug|Any CPU
		{B1880B2C-8A20-4C90-89F8-48CFD10A8A7F}.Release|Any CPU.ActiveCfg = Release|Any CPU
		{B1880B2C-8A20-4C90-89F8-48CFD10A8A7F}.Release|Any CPU.Build.0 = Release|Any CPU
		{9A69E2AC-CA15-49C5-9AE3-3AEA3AA0FB5A}.Debug|Any CPU.ActiveCfg = Debug|Any CPU
		{9A69E2AC-CA15-49C5-9AE3-3AEA3AA0FB5A}.Debug|Any CPU.Build.0 = Debug|Any CPU
		{9A69E2AC-CA15-49C5-9AE3-3AEA3AA0FB5A}.Release|Any CPU.ActiveCfg = Release|Any CPU
		{9A69E2AC-CA15-49C5-9AE3-3AEA3AA0FB5A}.Release|Any CPU.Build.0 = Release|Any CPU
		{289B79E5-073C-4A1A-84AF-AF43CDFF629E}.Debug|Any CPU.ActiveCfg = Debug|Any CPU
		{289B79E5-073C-4A1A-84AF-AF43CDFF629E}.Debug|Any CPU.Build.0 = Debug|Any CPU
		{289B79E5-073C-4A1A-84AF-AF43CDFF629E}.Release|Any CPU.ActiveCfg = Release|Any CPU
		{289B79E5-073C-4A1A-84AF-AF43CDFF629E}.Release|Any CPU.Build.0 = Release|Any CPU
		{7630DA8C-3378-4F6A-9261-A6173AB8455F}.Debug|Any CPU.ActiveCfg = Debug|Any CPU
		{7630DA8C-3378-4F6A-9261-A6173AB8455F}.Debug|Any CPU.Build.0 = Debug|Any CPU
		{7630DA8C-3378-4F6A-9261-A6173AB8455F}.Release|Any CPU.ActiveCfg = Release|Any CPU
		{7630DA8C-3378-4F6A-9261-A6173AB8455F}.Release|Any CPU.Build.0 = Release|Any CPU
		{7510628F-FA24-4C04-B466-30FC43F1ABAF}.Debug|Any CPU.ActiveCfg = Debug|Any CPU
		{7510628F-FA24-4C04-B466-30FC43F1ABAF}.Debug|Any CPU.Build.0 = Debug|Any CPU
		{7510628F-FA24-4C04-B466-30FC43F1ABAF}.Release|Any CPU.ActiveCfg = Release|Any CPU
		{7510628F-FA24-4C04-B466-30FC43F1ABAF}.Release|Any CPU.Build.0 = Release|Any CPU
		{975F6A8A-1CF3-4D63-9C96-CDF6A2F5CC82}.Debug|Any CPU.ActiveCfg = Debug|Any CPU
		{975F6A8A-1CF3-4D63-9C96-CDF6A2F5CC82}.Debug|Any CPU.Build.0 = Debug|Any CPU
		{975F6A8A-1CF3-4D63-9C96-CDF6A2F5CC82}.Release|Any CPU.ActiveCfg = Release|Any CPU
		{975F6A8A-1CF3-4D63-9C96-CDF6A2F5CC82}.Release|Any CPU.Build.0 = Release|Any CPU
		{6481602A-D605-4F0F-95C0-8DA6FFE2C202}.Debug|Any CPU.ActiveCfg = Debug|Any CPU
		{6481602A-D605-4F0F-95C0-8DA6FFE2C202}.Debug|Any CPU.Build.0 = Debug|Any CPU
		{6481602A-D605-4F0F-95C0-8DA6FFE2C202}.Release|Any CPU.ActiveCfg = Release|Any CPU
		{6481602A-D605-4F0F-95C0-8DA6FFE2C202}.Release|Any CPU.Build.0 = Release|Any CPU
		{79267A6F-8C1E-464F-AADE-FD2D1C18E7D6}.Debug|Any CPU.ActiveCfg = Debug|Any CPU
		{79267A6F-8C1E-464F-AADE-FD2D1C18E7D6}.Debug|Any CPU.Build.0 = Debug|Any CPU
		{79267A6F-8C1E-464F-AADE-FD2D1C18E7D6}.Release|Any CPU.ActiveCfg = Release|Any CPU
		{79267A6F-8C1E-464F-AADE-FD2D1C18E7D6}.Release|Any CPU.Build.0 = Release|Any CPU
		{C8A56333-FBE3-4E19-A789-88AABB91C376}.Debug|Any CPU.ActiveCfg = Debug|Any CPU
		{C8A56333-FBE3-4E19-A789-88AABB91C376}.Debug|Any CPU.Build.0 = Debug|Any CPU
		{C8A56333-FBE3-4E19-A789-88AABB91C376}.Release|Any CPU.ActiveCfg = Release|Any CPU
		{C8A56333-FBE3-4E19-A789-88AABB91C376}.Release|Any CPU.Build.0 = Release|Any CPU
		{DE83C88E-7619-41B3-A3E9-F0A8F330A759}.Debug|Any CPU.ActiveCfg = Debug|Any CPU
		{DE83C88E-7619-41B3-A3E9-F0A8F330A759}.Debug|Any CPU.Build.0 = Debug|Any CPU
		{DE83C88E-7619-41B3-A3E9-F0A8F330A759}.Release|Any CPU.ActiveCfg = Release|Any CPU
		{DE83C88E-7619-41B3-A3E9-F0A8F330A759}.Release|Any CPU.Build.0 = Release|Any CPU
		{3D4949E3-0BE7-4A25-916A-A323017FCABE}.Debug|Any CPU.ActiveCfg = Debug|Any CPU
		{3D4949E3-0BE7-4A25-916A-A323017FCABE}.Debug|Any CPU.Build.0 = Debug|Any CPU
		{3D4949E3-0BE7-4A25-916A-A323017FCABE}.Release|Any CPU.ActiveCfg = Release|Any CPU
		{3D4949E3-0BE7-4A25-916A-A323017FCABE}.Release|Any CPU.Build.0 = Release|Any CPU
		{55719210-3A14-4AC4-817A-7536DC93B815}.Debug|Any CPU.ActiveCfg = Debug|Any CPU
		{55719210-3A14-4AC4-817A-7536DC93B815}.Debug|Any CPU.Build.0 = Debug|Any CPU
		{55719210-3A14-4AC4-817A-7536DC93B815}.Release|Any CPU.ActiveCfg = Release|Any CPU
		{55719210-3A14-4AC4-817A-7536DC93B815}.Release|Any CPU.Build.0 = Release|Any CPU
		{87205687-D301-4E49-A29D-31C6A6C8689F}.Debug|Any CPU.ActiveCfg = Debug|Any CPU
		{87205687-D301-4E49-A29D-31C6A6C8689F}.Debug|Any CPU.Build.0 = Debug|Any CPU
		{87205687-D301-4E49-A29D-31C6A6C8689F}.Release|Any CPU.ActiveCfg = Release|Any CPU
		{87205687-D301-4E49-A29D-31C6A6C8689F}.Release|Any CPU.Build.0 = Release|Any CPU
		{FC9CB3D7-45EC-4817-9EF9-7FF25D4185D2}.Debug|Any CPU.ActiveCfg = Debug|Any CPU
		{FC9CB3D7-45EC-4817-9EF9-7FF25D4185D2}.Debug|Any CPU.Build.0 = Debug|Any CPU
		{FC9CB3D7-45EC-4817-9EF9-7FF25D4185D2}.Release|Any CPU.ActiveCfg = Release|Any CPU
		{FC9CB3D7-45EC-4817-9EF9-7FF25D4185D2}.Release|Any CPU.Build.0 = Release|Any CPU
		{D38EBAE1-7E48-46B9-8D93-E9DF84B966A0}.Debug|Any CPU.ActiveCfg = Debug|Any CPU
		{D38EBAE1-7E48-46B9-8D93-E9DF84B966A0}.Debug|Any CPU.Build.0 = Debug|Any CPU
		{D38EBAE1-7E48-46B9-8D93-E9DF84B966A0}.Release|Any CPU.ActiveCfg = Release|Any CPU
		{D38EBAE1-7E48-46B9-8D93-E9DF84B966A0}.Release|Any CPU.Build.0 = Release|Any CPU
		{EB80CFB1-60AE-4BA5-8E6F-79644CF426FB}.Debug|Any CPU.ActiveCfg = Debug|Any CPU
		{EB80CFB1-60AE-4BA5-8E6F-79644CF426FB}.Debug|Any CPU.Build.0 = Debug|Any CPU
		{EB80CFB1-60AE-4BA5-8E6F-79644CF426FB}.Release|Any CPU.ActiveCfg = Release|Any CPU
		{EB80CFB1-60AE-4BA5-8E6F-79644CF426FB}.Release|Any CPU.Build.0 = Release|Any CPU
		{34545879-668D-493E-8B9A-820D59D3D4B2}.Debug|Any CPU.ActiveCfg = Debug|Any CPU
		{34545879-668D-493E-8B9A-820D59D3D4B2}.Debug|Any CPU.Build.0 = Debug|Any CPU
		{34545879-668D-493E-8B9A-820D59D3D4B2}.Release|Any CPU.ActiveCfg = Release|Any CPU
		{34545879-668D-493E-8B9A-820D59D3D4B2}.Release|Any CPU.Build.0 = Release|Any CPU
		{D5F3F942-A8E4-401E-8EAF-6F2064B603E5}.Debug|Any CPU.ActiveCfg = Debug|Any CPU
		{D5F3F942-A8E4-401E-8EAF-6F2064B603E5}.Debug|Any CPU.Build.0 = Debug|Any CPU
		{D5F3F942-A8E4-401E-8EAF-6F2064B603E5}.Release|Any CPU.ActiveCfg = Release|Any CPU
		{D5F3F942-A8E4-401E-8EAF-6F2064B603E5}.Release|Any CPU.Build.0 = Release|Any CPU
		{0F0606BF-53CB-4AEB-9F0E-222FA8F43B59}.Debug|Any CPU.ActiveCfg = Debug|Any CPU
		{0F0606BF-53CB-4AEB-9F0E-222FA8F43B59}.Debug|Any CPU.Build.0 = Debug|Any CPU
		{0F0606BF-53CB-4AEB-9F0E-222FA8F43B59}.Release|Any CPU.ActiveCfg = Release|Any CPU
		{0F0606BF-53CB-4AEB-9F0E-222FA8F43B59}.Release|Any CPU.Build.0 = Release|Any CPU
		{BECB6031-9920-4BE0-B128-6E0D254AA74D}.Debug|Any CPU.ActiveCfg = Debug|Any CPU
		{BECB6031-9920-4BE0-B128-6E0D254AA74D}.Debug|Any CPU.Build.0 = Debug|Any CPU
		{BECB6031-9920-4BE0-B128-6E0D254AA74D}.Release|Any CPU.ActiveCfg = Release|Any CPU
		{BECB6031-9920-4BE0-B128-6E0D254AA74D}.Release|Any CPU.Build.0 = Release|Any CPU
		{3B53FEB7-096D-4474-9FA5-8F399FDD2A8D}.Debug|Any CPU.ActiveCfg = Debug|Any CPU
		{3B53FEB7-096D-4474-9FA5-8F399FDD2A8D}.Debug|Any CPU.Build.0 = Debug|Any CPU
		{3B53FEB7-096D-4474-9FA5-8F399FDD2A8D}.Release|Any CPU.ActiveCfg = Release|Any CPU
		{3B53FEB7-096D-4474-9FA5-8F399FDD2A8D}.Release|Any CPU.Build.0 = Release|Any CPU
		{6BE686A0-59E6-45F5-8A53-27A519956777}.Debug|Any CPU.ActiveCfg = Debug|Any CPU
		{6BE686A0-59E6-45F5-8A53-27A519956777}.Debug|Any CPU.Build.0 = Debug|Any CPU
		{6BE686A0-59E6-45F5-8A53-27A519956777}.Release|Any CPU.ActiveCfg = Release|Any CPU
		{6BE686A0-59E6-45F5-8A53-27A519956777}.Release|Any CPU.Build.0 = Release|Any CPU
		{6B8B897A-E502-48BA-9E9B-A0145002F787}.Debug|Any CPU.ActiveCfg = Debug|Any CPU
		{6B8B897A-E502-48BA-9E9B-A0145002F787}.Debug|Any CPU.Build.0 = Debug|Any CPU
		{6B8B897A-E502-48BA-9E9B-A0145002F787}.Release|Any CPU.ActiveCfg = Release|Any CPU
		{6B8B897A-E502-48BA-9E9B-A0145002F787}.Release|Any CPU.Build.0 = Release|Any CPU
		{AB4E0EE3-AC6C-45E8-B67F-6F408C3B7093}.Debug|Any CPU.ActiveCfg = Debug|Any CPU
		{AB4E0EE3-AC6C-45E8-B67F-6F408C3B7093}.Debug|Any CPU.Build.0 = Debug|Any CPU
		{AB4E0EE3-AC6C-45E8-B67F-6F408C3B7093}.Release|Any CPU.ActiveCfg = Release|Any CPU
		{AB4E0EE3-AC6C-45E8-B67F-6F408C3B7093}.Release|Any CPU.Build.0 = Release|Any CPU
		{66A5B1D9-1971-4786-8D9F-58387C05BDA1}.Debug|Any CPU.ActiveCfg = Debug|Any CPU
		{66A5B1D9-1971-4786-8D9F-58387C05BDA1}.Debug|Any CPU.Build.0 = Debug|Any CPU
		{66A5B1D9-1971-4786-8D9F-58387C05BDA1}.Release|Any CPU.ActiveCfg = Release|Any CPU
		{66A5B1D9-1971-4786-8D9F-58387C05BDA1}.Release|Any CPU.Build.0 = Release|Any CPU
		{7F8472C1-C253-48BA-BE24-D9210D1C5DB0}.Debug|Any CPU.ActiveCfg = Debug|Any CPU
		{7F8472C1-C253-48BA-BE24-D9210D1C5DB0}.Debug|Any CPU.Build.0 = Debug|Any CPU
		{7F8472C1-C253-48BA-BE24-D9210D1C5DB0}.Release|Any CPU.ActiveCfg = Release|Any CPU
		{7F8472C1-C253-48BA-BE24-D9210D1C5DB0}.Release|Any CPU.Build.0 = Release|Any CPU
		{7C924316-A4AB-47DC-A348-FD3C8ABDDA07}.Debug|Any CPU.ActiveCfg = Debug|Any CPU
		{7C924316-A4AB-47DC-A348-FD3C8ABDDA07}.Debug|Any CPU.Build.0 = Debug|Any CPU
		{7C924316-A4AB-47DC-A348-FD3C8ABDDA07}.Release|Any CPU.ActiveCfg = Release|Any CPU
		{7C924316-A4AB-47DC-A348-FD3C8ABDDA07}.Release|Any CPU.Build.0 = Release|Any CPU
		{1FECEC3F-6A26-493B-9578-98F36A90D24B}.Debug|Any CPU.ActiveCfg = Debug|Any CPU
		{1FECEC3F-6A26-493B-9578-98F36A90D24B}.Debug|Any CPU.Build.0 = Debug|Any CPU
		{1FECEC3F-6A26-493B-9578-98F36A90D24B}.Release|Any CPU.ActiveCfg = Release|Any CPU
		{1FECEC3F-6A26-493B-9578-98F36A90D24B}.Release|Any CPU.Build.0 = Release|Any CPU
		{21AEF1AB-8EA3-40FA-B4E5-83AA7AA941BD}.Debug|Any CPU.ActiveCfg = Debug|Any CPU
		{21AEF1AB-8EA3-40FA-B4E5-83AA7AA941BD}.Debug|Any CPU.Build.0 = Debug|Any CPU
		{21AEF1AB-8EA3-40FA-B4E5-83AA7AA941BD}.Release|Any CPU.ActiveCfg = Release|Any CPU
		{21AEF1AB-8EA3-40FA-B4E5-83AA7AA941BD}.Release|Any CPU.Build.0 = Release|Any CPU
		{D22E5627-8511-48B3-92C7-C596D15FB7CE}.Debug|Any CPU.ActiveCfg = Debug|Any CPU
		{D22E5627-8511-48B3-92C7-C596D15FB7CE}.Debug|Any CPU.Build.0 = Debug|Any CPU
		{D22E5627-8511-48B3-92C7-C596D15FB7CE}.Release|Any CPU.ActiveCfg = Release|Any CPU
		{D22E5627-8511-48B3-92C7-C596D15FB7CE}.Release|Any CPU.Build.0 = Release|Any CPU
		{18CFB949-B9E6-444A-9C9C-9B129D3BE89F}.Debug|Any CPU.ActiveCfg = Debug|Any CPU
		{18CFB949-B9E6-444A-9C9C-9B129D3BE89F}.Debug|Any CPU.Build.0 = Debug|Any CPU
		{18CFB949-B9E6-444A-9C9C-9B129D3BE89F}.Release|Any CPU.ActiveCfg = Release|Any CPU
		{18CFB949-B9E6-444A-9C9C-9B129D3BE89F}.Release|Any CPU.Build.0 = Release|Any CPU
		{91AD9D82-B8DF-4DFC-9F6E-8BB65757A8B4}.Debug|Any CPU.ActiveCfg = Debug|Any CPU
		{91AD9D82-B8DF-4DFC-9F6E-8BB65757A8B4}.Debug|Any CPU.Build.0 = Debug|Any CPU
		{91AD9D82-B8DF-4DFC-9F6E-8BB65757A8B4}.Release|Any CPU.ActiveCfg = Release|Any CPU
		{91AD9D82-B8DF-4DFC-9F6E-8BB65757A8B4}.Release|Any CPU.Build.0 = Release|Any CPU
		{2A90DF04-5223-460B-AF63-C545C0BAFA0A}.Debug|Any CPU.ActiveCfg = Debug|Any CPU
		{2A90DF04-5223-460B-AF63-C545C0BAFA0A}.Debug|Any CPU.Build.0 = Debug|Any CPU
		{2A90DF04-5223-460B-AF63-C545C0BAFA0A}.Release|Any CPU.ActiveCfg = Release|Any CPU
		{2A90DF04-5223-460B-AF63-C545C0BAFA0A}.Release|Any CPU.Build.0 = Release|Any CPU
		{3E8E12DC-4296-479F-A62A-D182C7939A8F}.Debug|Any CPU.ActiveCfg = Debug|Any CPU
		{3E8E12DC-4296-479F-A62A-D182C7939A8F}.Debug|Any CPU.Build.0 = Debug|Any CPU
		{3E8E12DC-4296-479F-A62A-D182C7939A8F}.Release|Any CPU.ActiveCfg = Release|Any CPU
		{3E8E12DC-4296-479F-A62A-D182C7939A8F}.Release|Any CPU.Build.0 = Release|Any CPU
		{0D5E7675-8955-48B4-A577-CD69AD56AA59}.Debug|Any CPU.ActiveCfg = Debug|Any CPU
		{0D5E7675-8955-48B4-A577-CD69AD56AA59}.Debug|Any CPU.Build.0 = Debug|Any CPU
		{0D5E7675-8955-48B4-A577-CD69AD56AA59}.Release|Any CPU.ActiveCfg = Release|Any CPU
		{0D5E7675-8955-48B4-A577-CD69AD56AA59}.Release|Any CPU.Build.0 = Release|Any CPU
		{DF7799FD-BA63-4248-8698-10879A99A720}.Debug|Any CPU.ActiveCfg = Debug|Any CPU
		{DF7799FD-BA63-4248-8698-10879A99A720}.Debug|Any CPU.Build.0 = Debug|Any CPU
		{DF7799FD-BA63-4248-8698-10879A99A720}.Release|Any CPU.ActiveCfg = Release|Any CPU
		{DF7799FD-BA63-4248-8698-10879A99A720}.Release|Any CPU.Build.0 = Release|Any CPU
		{38B49955-392D-43C9-B399-380699554DA3}.Debug|Any CPU.ActiveCfg = Debug|Any CPU
		{38B49955-392D-43C9-B399-380699554DA3}.Debug|Any CPU.Build.0 = Debug|Any CPU
		{38B49955-392D-43C9-B399-380699554DA3}.Release|Any CPU.ActiveCfg = Release|Any CPU
		{38B49955-392D-43C9-B399-380699554DA3}.Release|Any CPU.Build.0 = Release|Any CPU
		{AC3E832C-84DB-4EB9-992F-1A57FCDC9750}.Debug|Any CPU.ActiveCfg = Debug|Any CPU
		{AC3E832C-84DB-4EB9-992F-1A57FCDC9750}.Debug|Any CPU.Build.0 = Debug|Any CPU
		{AC3E832C-84DB-4EB9-992F-1A57FCDC9750}.Release|Any CPU.ActiveCfg = Release|Any CPU
		{AC3E832C-84DB-4EB9-992F-1A57FCDC9750}.Release|Any CPU.Build.0 = Release|Any CPU
		{7D5A675B-1143-4B4D-A025-8E3F6BC9F6B6}.Debug|Any CPU.ActiveCfg = Debug|Any CPU
		{7D5A675B-1143-4B4D-A025-8E3F6BC9F6B6}.Debug|Any CPU.Build.0 = Debug|Any CPU
		{7D5A675B-1143-4B4D-A025-8E3F6BC9F6B6}.Release|Any CPU.ActiveCfg = Release|Any CPU
		{7D5A675B-1143-4B4D-A025-8E3F6BC9F6B6}.Release|Any CPU.Build.0 = Release|Any CPU
		{22266E64-93B2-4F98-B5AF-300D669A8DC8}.Debug|Any CPU.ActiveCfg = Debug|Any CPU
		{22266E64-93B2-4F98-B5AF-300D669A8DC8}.Debug|Any CPU.Build.0 = Debug|Any CPU
		{22266E64-93B2-4F98-B5AF-300D669A8DC8}.Release|Any CPU.ActiveCfg = Release|Any CPU
		{22266E64-93B2-4F98-B5AF-300D669A8DC8}.Release|Any CPU.Build.0 = Release|Any CPU
		{A940A25E-3934-4BA0-B806-6834B705E32D}.Debug|Any CPU.ActiveCfg = Debug|Any CPU
		{A940A25E-3934-4BA0-B806-6834B705E32D}.Debug|Any CPU.Build.0 = Debug|Any CPU
		{A940A25E-3934-4BA0-B806-6834B705E32D}.Release|Any CPU.ActiveCfg = Release|Any CPU
		{A940A25E-3934-4BA0-B806-6834B705E32D}.Release|Any CPU.Build.0 = Release|Any CPU
	EndGlobalSection
	GlobalSection(SolutionProperties) = preSolution
		HideSolutionNode = FALSE
	EndGlobalSection
	GlobalSection(NestedProjects) = preSolution
		{5E89E345-DF61-4C56-AF81-B9F8A0E78C3C} = {A33B7284-DC86-456E-B2D7-C7AFCB57CAFA}
		{2C873AD8-56F0-4BCE-A08B-6F2C20AB85B6} = {A33B7284-DC86-456E-B2D7-C7AFCB57CAFA}
		{C2F75EDE-F7F7-4AB2-8678-1E4BC8C88765} = {A33B7284-DC86-456E-B2D7-C7AFCB57CAFA}
		{F6C441C6-0CCB-4383-A068-8984B49192DA} = {A33B7284-DC86-456E-B2D7-C7AFCB57CAFA}
		{EACA94AE-5176-4646-BB7A-C0D5182479EA} = {A33B7284-DC86-456E-B2D7-C7AFCB57CAFA}
		{D02FC852-6018-481D-A362-C240DC04DF11} = {A33B7284-DC86-456E-B2D7-C7AFCB57CAFA}
		{AE1838DC-1076-4C6F-B4C7-6AE3E6331607} = {A33B7284-DC86-456E-B2D7-C7AFCB57CAFA}
		{999B96C6-9306-40C1-9318-63DE9FB9F170} = {A33B7284-DC86-456E-B2D7-C7AFCB57CAFA}
		{13C93EAF-D44B-4C2B-9974-4CEB9B702FCC} = {3105D855-1683-4AC6-A753-DB0E708509CB}
		{B9B58886-6451-4E3C-A9AC-2F42B5B54C34} = {3105D855-1683-4AC6-A753-DB0E708509CB}
		{ADEFB5BC-9EB5-4F98-A012-E4416D00DB4F} = {3105D855-1683-4AC6-A753-DB0E708509CB}
		{407049E2-5677-4CD9-AED3-090EDC826F24} = {3105D855-1683-4AC6-A753-DB0E708509CB}
		{CEA49004-3BEF-4E02-94A2-124EAB97F413} = {A33B7284-DC86-456E-B2D7-C7AFCB57CAFA}
		{DF018372-BC33-45DB-8377-CBF926A083D7} = {A33B7284-DC86-456E-B2D7-C7AFCB57CAFA}
		{F9D22BFE-B4D9-426C-B96B-7BAE710405A5} = {922FAE5E-BC9E-441C-8F99-0A26B422D240}
		{6196ECFB-4F2B-485C-BEEB-CEAEB3BDCA53} = {922FAE5E-BC9E-441C-8F99-0A26B422D240}
		{8F7ECA1C-DA33-4F65-BD26-8A45A71DB15A} = {A33B7284-DC86-456E-B2D7-C7AFCB57CAFA}
		{B1880B2C-8A20-4C90-89F8-48CFD10A8A7F} = {E98917DA-54FE-49C9-A54F-701F57E26B4B}
		{9A69E2AC-CA15-49C5-9AE3-3AEA3AA0FB5A} = {A33B7284-DC86-456E-B2D7-C7AFCB57CAFA}
		{289B79E5-073C-4A1A-84AF-AF43CDFF629E} = {E98917DA-54FE-49C9-A54F-701F57E26B4B}
		{7510628F-FA24-4C04-B466-30FC43F1ABAF} = {A33B7284-DC86-456E-B2D7-C7AFCB57CAFA}
		{975F6A8A-1CF3-4D63-9C96-CDF6A2F5CC82} = {3545E5F4-F345-4B2D-8EA9-8C302F884908}
		{6481602A-D605-4F0F-95C0-8DA6FFE2C202} = {3545E5F4-F345-4B2D-8EA9-8C302F884908}
		{79267A6F-8C1E-464F-AADE-FD2D1C18E7D6} = {3545E5F4-F345-4B2D-8EA9-8C302F884908}
		{C8A56333-FBE3-4E19-A789-88AABB91C376} = {E98917DA-54FE-49C9-A54F-701F57E26B4B}
		{DE83C88E-7619-41B3-A3E9-F0A8F330A759} = {3545E5F4-F345-4B2D-8EA9-8C302F884908}
		{3D4949E3-0BE7-4A25-916A-A323017FCABE} = {FB47C5B0-D33C-4235-95EB-31E47051DCB6}
		{55719210-3A14-4AC4-817A-7536DC93B815} = {E98917DA-54FE-49C9-A54F-701F57E26B4B}
		{87205687-D301-4E49-A29D-31C6A6C8689F} = {A33B7284-DC86-456E-B2D7-C7AFCB57CAFA}
		{FC9CB3D7-45EC-4817-9EF9-7FF25D4185D2} = {DA1F4950-A2F9-44BC-B9AC-FCEA4C4A6FEB}
		{D38EBAE1-7E48-46B9-8D93-E9DF84B966A0} = {A33B7284-DC86-456E-B2D7-C7AFCB57CAFA}
		{EB80CFB1-60AE-4BA5-8E6F-79644CF426FB} = {3545E5F4-F345-4B2D-8EA9-8C302F884908}
		{34545879-668D-493E-8B9A-820D59D3D4B2} = {6D98EF35-9C95-4DD5-AEE3-C218A9922C85}
		{D5F3F942-A8E4-401E-8EAF-6F2064B603E5} = {6D98EF35-9C95-4DD5-AEE3-C218A9922C85}
		{0F0606BF-53CB-4AEB-9F0E-222FA8F43B59} = {89539C51-13AC-4C0A-BC1F-F841CF62C19E}
		{BECB6031-9920-4BE0-B128-6E0D254AA74D} = {89539C51-13AC-4C0A-BC1F-F841CF62C19E}
		{3B53FEB7-096D-4474-9FA5-8F399FDD2A8D} = {89539C51-13AC-4C0A-BC1F-F841CF62C19E}
		{6BE686A0-59E6-45F5-8A53-27A519956777} = {89539C51-13AC-4C0A-BC1F-F841CF62C19E}
		{6B8B897A-E502-48BA-9E9B-A0145002F787} = {750C4850-7250-43AD-87DA-2CBF87DE7CBF}
		{AB4E0EE3-AC6C-45E8-B67F-6F408C3B7093} = {A33B7284-DC86-456E-B2D7-C7AFCB57CAFA}
		{66A5B1D9-1971-4786-8D9F-58387C05BDA1} = {DA1F4950-A2F9-44BC-B9AC-FCEA4C4A6FEB}
		{7F8472C1-C253-48BA-BE24-D9210D1C5DB0} = {922FAE5E-BC9E-441C-8F99-0A26B422D240}
		{7C924316-A4AB-47DC-A348-FD3C8ABDDA07} = {FB47C5B0-D33C-4235-95EB-31E47051DCB6}
		{1FECEC3F-6A26-493B-9578-98F36A90D24B} = {922FAE5E-BC9E-441C-8F99-0A26B422D240}
		{21AEF1AB-8EA3-40FA-B4E5-83AA7AA941BD} = {DA1F4950-A2F9-44BC-B9AC-FCEA4C4A6FEB}
		{D22E5627-8511-48B3-92C7-C596D15FB7CE} = {A33B7284-DC86-456E-B2D7-C7AFCB57CAFA}
		{18CFB949-B9E6-444A-9C9C-9B129D3BE89F} = {A33B7284-DC86-456E-B2D7-C7AFCB57CAFA}
		{3E8E12DC-4296-479F-A62A-D182C7939A8F} = {A33B7284-DC86-456E-B2D7-C7AFCB57CAFA}
		{DF7799FD-BA63-4248-8698-10879A99A720} = {CF5279AF-BB5D-44FE-9BA5-723F962AA6A4}
		{0D5E7675-8955-48B4-A577-CD69AD56AA59} = {CF5279AF-BB5D-44FE-9BA5-723F962AA6A4}
		{91AD9D82-B8DF-4DFC-9F6E-8BB65757A8B4} = {CF5279AF-BB5D-44FE-9BA5-723F962AA6A4}
		{38B49955-392D-43C9-B399-380699554DA3} = {CF5279AF-BB5D-44FE-9BA5-723F962AA6A4}
		{2A90DF04-5223-460B-AF63-C545C0BAFA0A} = {CF5279AF-BB5D-44FE-9BA5-723F962AA6A4}
		{AC3E832C-84DB-4EB9-992F-1A57FCDC9750} = {CF5279AF-BB5D-44FE-9BA5-723F962AA6A4}
		{7D5A675B-1143-4B4D-A025-8E3F6BC9F6B6} = {CF5279AF-BB5D-44FE-9BA5-723F962AA6A4}
		{22266E64-93B2-4F98-B5AF-300D669A8DC8} = {CF5279AF-BB5D-44FE-9BA5-723F962AA6A4}
		{A940A25E-3934-4BA0-B806-6834B705E32D} = {A33B7284-DC86-456E-B2D7-C7AFCB57CAFA}
	EndGlobalSection
	GlobalSection(ExtensibilityGlobals) = postSolution
		SolutionGuid = {4C618032-7D44-42E2-88D7-276869F6C150}
	EndGlobalSection
EndGlobal
